// !$*UTF8*$!
{
	archiveVersion = 1;
	classes = {
	};
	objectVersion = 46;
	objects = {

/* Begin PBXBuildFile section */
		241306FE7F52790E55B71F2D /* libPods.a in Frameworks */ = {isa = PBXBuildFile; fileRef = 50102559BEE0249B73FAFC03 /* libPods.a */; };
		5D0952D519E7576700419D29 /* CoffeeCardViewController.m in Sources */ = {isa = PBXBuildFile; fileRef = 5D0952D419E7576700419D29 /* CoffeeCardViewController.m */; };
		5D0952D819E76FE800419D29 /* CoffeeListTableViewCell.m in Sources */ = {isa = PBXBuildFile; fileRef = 5D0952D719E76FE800419D29 /* CoffeeListTableViewCell.m */; };
		5D4EBD5619E7148400B18677 /* main.m in Sources */ = {isa = PBXBuildFile; fileRef = 5D4EBD5519E7148400B18677 /* main.m */; };
		5D4EBD5919E7148400B18677 /* AppDelegate.m in Sources */ = {isa = PBXBuildFile; fileRef = 5D4EBD5819E7148400B18677 /* AppDelegate.m */; };
		5D4EBD5C19E7148400B18677 /* Coffee.xcdatamodeld in Sources */ = {isa = PBXBuildFile; fileRef = 5D4EBD5A19E7148400B18677 /* Coffee.xcdatamodeld */; };
		5D4EBD5F19E7148400B18677 /* CoffeeListTableViewController.m in Sources */ = {isa = PBXBuildFile; fileRef = 5D4EBD5E19E7148400B18677 /* CoffeeListTableViewController.m */; };
		5D4EBD6219E7148400B18677 /* Main.storyboard in Resources */ = {isa = PBXBuildFile; fileRef = 5D4EBD6019E7148400B18677 /* Main.storyboard */; };
		5D4EBD6419E7148400B18677 /* Images.xcassets in Resources */ = {isa = PBXBuildFile; fileRef = 5D4EBD6319E7148400B18677 /* Images.xcassets */; };
		5D4EBD6719E7148400B18677 /* LaunchScreen.xib in Resources */ = {isa = PBXBuildFile; fileRef = 5D4EBD6519E7148400B18677 /* LaunchScreen.xib */; };
		5D4EBD7319E7148400B18677 /* CoffeeTests.m in Sources */ = {isa = PBXBuildFile; fileRef = 5D4EBD7219E7148400B18677 /* CoffeeTests.m */; };
		5D62EF6419EB78AE007B4688 /* CoffeeNavigationController.m in Sources */ = {isa = PBXBuildFile; fileRef = 5D62EF6319EB78AE007B4688 /* CoffeeNavigationController.m */; };
		5D9BF0D019E844D300D998AA /* CoffeeCard+Utility.m in Sources */ = {isa = PBXBuildFile; fileRef = 5D9BF0CF19E844D300D998AA /* CoffeeCard+Utility.m */; };
		5D9FC97C19EB2F41008A589D /* WhiteDrip.png in Resources */ = {isa = PBXBuildFile; fileRef = 5D9FC97B19EB2F41008A589D /* WhiteDrip.png */; };
		5D9FC98619EB3D73008A589D /* CoffeeNavigationBar.m in Sources */ = {isa = PBXBuildFile; fileRef = 5D9FC98519EB3D73008A589D /* CoffeeNavigationBar.m */; };
		5DA24B3D19E79F540021CF00 /* CoffeeLogo.png in Resources */ = {isa = PBXBuildFile; fileRef = 5DA24B3C19E79F540021CF00 /* CoffeeLogo.png */; };
		5DD019D419EB855F0080A9AB /* CoffeeCard.m in Sources */ = {isa = PBXBuildFile; fileRef = 5DD019D319EB855F0080A9AB /* CoffeeCard.m */; };
		7387E908E88D67A6D241DD06 /* libPods.a in Frameworks */ = {isa = PBXBuildFile; fileRef = 50102559BEE0249B73FAFC03 /* libPods.a */; };
/* End PBXBuildFile section */

/* Begin PBXContainerItemProxy section */
		5D4EBD6D19E7148400B18677 /* PBXContainerItemProxy */ = {
			isa = PBXContainerItemProxy;
			containerPortal = 5D4EBD4819E7148400B18677 /* Project object */;
			proxyType = 1;
			remoteGlobalIDString = 5D4EBD4F19E7148400B18677;
			remoteInfo = Coffee;
		};
/* End PBXContainerItemProxy section */

/* Begin PBXFileReference section */
		079E47238AFD924984ECFE51 /* Pods.release.xcconfig */ = {isa = PBXFileReference; includeInIndex = 1; lastKnownFileType = text.xcconfig; name = Pods.release.xcconfig; path = "Pods/Target Support Files/Pods/Pods.release.xcconfig"; sourceTree = "<group>"; };
		0AA67A7BCBB9B09121A7643F /* Pods.debug.xcconfig */ = {isa = PBXFileReference; includeInIndex = 1; lastKnownFileType = text.xcconfig; name = Pods.debug.xcconfig; path = "Pods/Target Support Files/Pods/Pods.debug.xcconfig"; sourceTree = "<group>"; };
		50102559BEE0249B73FAFC03 /* libPods.a */ = {isa = PBXFileReference; explicitFileType = archive.ar; includeInIndex = 0; path = libPods.a; sourceTree = BUILT_PRODUCTS_DIR; };
		5D0952D319E7576700419D29 /* CoffeeCardViewController.h */ = {isa = PBXFileReference; fileEncoding = 4; lastKnownFileType = sourcecode.c.h; path = CoffeeCardViewController.h; sourceTree = "<group>"; };
		5D0952D419E7576700419D29 /* CoffeeCardViewController.m */ = {isa = PBXFileReference; fileEncoding = 4; lastKnownFileType = sourcecode.c.objc; path = CoffeeCardViewController.m; sourceTree = "<group>"; };
		5D0952D619E76FE800419D29 /* CoffeeListTableViewCell.h */ = {isa = PBXFileReference; fileEncoding = 4; lastKnownFileType = sourcecode.c.h; path = CoffeeListTableViewCell.h; sourceTree = "<group>"; };
		5D0952D719E76FE800419D29 /* CoffeeListTableViewCell.m */ = {isa = PBXFileReference; fileEncoding = 4; lastKnownFileType = sourcecode.c.objc; path = CoffeeListTableViewCell.m; sourceTree = "<group>"; };
		5D4EBD5019E7148400B18677 /* Coffee.app */ = {isa = PBXFileReference; explicitFileType = wrapper.application; includeInIndex = 0; path = Coffee.app; sourceTree = BUILT_PRODUCTS_DIR; };
		5D4EBD5419E7148400B18677 /* Info.plist */ = {isa = PBXFileReference; lastKnownFileType = text.plist.xml; path = Info.plist; sourceTree = "<group>"; };
		5D4EBD5519E7148400B18677 /* main.m */ = {isa = PBXFileReference; lastKnownFileType = sourcecode.c.objc; path = main.m; sourceTree = "<group>"; };
		5D4EBD5719E7148400B18677 /* AppDelegate.h */ = {isa = PBXFileReference; lastKnownFileType = sourcecode.c.h; path = AppDelegate.h; sourceTree = "<group>"; };
		5D4EBD5819E7148400B18677 /* AppDelegate.m */ = {isa = PBXFileReference; lastKnownFileType = sourcecode.c.objc; path = AppDelegate.m; sourceTree = "<group>"; };
		5D4EBD5B19E7148400B18677 /* Coffee.xcdatamodel */ = {isa = PBXFileReference; lastKnownFileType = wrapper.xcdatamodel; path = Coffee.xcdatamodel; sourceTree = "<group>"; };
		5D4EBD5D19E7148400B18677 /* CoffeeListTableViewController.h */ = {isa = PBXFileReference; lastKnownFileType = sourcecode.c.h; path = CoffeeListTableViewController.h; sourceTree = "<group>"; };
		5D4EBD5E19E7148400B18677 /* CoffeeListTableViewController.m */ = {isa = PBXFileReference; lastKnownFileType = sourcecode.c.objc; path = CoffeeListTableViewController.m; sourceTree = "<group>"; };
		5D4EBD6119E7148400B18677 /* Base */ = {isa = PBXFileReference; lastKnownFileType = file.storyboard; name = Base; path = Base.lproj/Main.storyboard; sourceTree = "<group>"; };
		5D4EBD6319E7148400B18677 /* Images.xcassets */ = {isa = PBXFileReference; lastKnownFileType = folder.assetcatalog; path = Images.xcassets; sourceTree = "<group>"; };
		5D4EBD6619E7148400B18677 /* Base */ = {isa = PBXFileReference; lastKnownFileType = file.xib; name = Base; path = Base.lproj/LaunchScreen.xib; sourceTree = "<group>"; };
		5D4EBD6C19E7148400B18677 /* CoffeeTests.xctest */ = {isa = PBXFileReference; explicitFileType = wrapper.cfbundle; includeInIndex = 0; path = CoffeeTests.xctest; sourceTree = BUILT_PRODUCTS_DIR; };
		5D4EBD7119E7148400B18677 /* Info.plist */ = {isa = PBXFileReference; lastKnownFileType = text.plist.xml; path = Info.plist; sourceTree = "<group>"; };
		5D4EBD7219E7148400B18677 /* CoffeeTests.m */ = {isa = PBXFileReference; lastKnownFileType = sourcecode.c.objc; path = CoffeeTests.m; sourceTree = "<group>"; };
		5D62EF6219EB78AE007B4688 /* CoffeeNavigationController.h */ = {isa = PBXFileReference; fileEncoding = 4; lastKnownFileType = sourcecode.c.h; path = CoffeeNavigationController.h; sourceTree = "<group>"; };
		5D62EF6319EB78AE007B4688 /* CoffeeNavigationController.m */ = {isa = PBXFileReference; fileEncoding = 4; lastKnownFileType = sourcecode.c.objc; path = CoffeeNavigationController.m; sourceTree = "<group>"; };
		5D9BF0CE19E844D300D998AA /* CoffeeCard+Utility.h */ = {isa = PBXFileReference; fileEncoding = 4; lastKnownFileType = sourcecode.c.h; path = "CoffeeCard+Utility.h"; sourceTree = "<group>"; };
		5D9BF0CF19E844D300D998AA /* CoffeeCard+Utility.m */ = {isa = PBXFileReference; fileEncoding = 4; lastKnownFileType = sourcecode.c.objc; path = "CoffeeCard+Utility.m"; sourceTree = "<group>"; };
		5D9FC97B19EB2F41008A589D /* WhiteDrip.png */ = {isa = PBXFileReference; lastKnownFileType = image.png; path = WhiteDrip.png; sourceTree = "<group>"; };
		5D9FC98419EB3D73008A589D /* CoffeeNavigationBar.h */ = {isa = PBXFileReference; fileEncoding = 4; lastKnownFileType = sourcecode.c.h; path = CoffeeNavigationBar.h; sourceTree = "<group>"; };
		5D9FC98519EB3D73008A589D /* CoffeeNavigationBar.m */ = {isa = PBXFileReference; fileEncoding = 4; lastKnownFileType = sourcecode.c.objc; path = CoffeeNavigationBar.m; sourceTree = "<group>"; };
		5DA24B3C19E79F540021CF00 /* CoffeeLogo.png */ = {isa = PBXFileReference; lastKnownFileType = image.png; path = CoffeeLogo.png; sourceTree = "<group>"; };
		5DD019D219EB855F0080A9AB /* CoffeeCard.h */ = {isa = PBXFileReference; fileEncoding = 4; lastKnownFileType = sourcecode.c.h; path = CoffeeCard.h; sourceTree = "<group>"; };
		5DD019D319EB855F0080A9AB /* CoffeeCard.m */ = {isa = PBXFileReference; fileEncoding = 4; lastKnownFileType = sourcecode.c.objc; path = CoffeeCard.m; sourceTree = "<group>"; };
/* End PBXFileReference section */

/* Begin PBXFrameworksBuildPhase section */
		5D4EBD4D19E7148400B18677 /* Frameworks */ = {
			isa = PBXFrameworksBuildPhase;
			buildActionMask = 2147483647;
			files = (
				7387E908E88D67A6D241DD06 /* libPods.a in Frameworks */,
			);
			runOnlyForDeploymentPostprocessing = 0;
		};
		5D4EBD6919E7148400B18677 /* Frameworks */ = {
			isa = PBXFrameworksBuildPhase;
			buildActionMask = 2147483647;
			files = (
				241306FE7F52790E55B71F2D /* libPods.a in Frameworks */,
			);
			runOnlyForDeploymentPostprocessing = 0;
		};
/* End PBXFrameworksBuildPhase section */

/* Begin PBXGroup section */
		5C28BECB974EC87608BBDB50 /* Frameworks */ = {
			isa = PBXGroup;
			children = (
				50102559BEE0249B73FAFC03 /* libPods.a */,
			);
			name = Frameworks;
			sourceTree = "<group>";
		};
		5D4EBD4719E7148300B18677 = {
			isa = PBXGroup;
			children = (
				5D4EBD5219E7148400B18677 /* Coffee */,
				5D4EBD6F19E7148400B18677 /* CoffeeTests */,
				5D4EBD5119E7148400B18677 /* Products */,
				BF0B06C7D774591CCC18C269 /* Pods */,
				5C28BECB974EC87608BBDB50 /* Frameworks */,
			);
			sourceTree = "<group>";
		};
		5D4EBD5119E7148400B18677 /* Products */ = {
			isa = PBXGroup;
			children = (
				5D4EBD5019E7148400B18677 /* Coffee.app */,
				5D4EBD6C19E7148400B18677 /* CoffeeTests.xctest */,
			);
			name = Products;
			sourceTree = "<group>";
		};
		5D4EBD5219E7148400B18677 /* Coffee */ = {
			isa = PBXGroup;
			children = (
				5D4EBD5719E7148400B18677 /* AppDelegate.h */,
				5D4EBD5819E7148400B18677 /* AppDelegate.m */,
				5D62EF6219EB78AE007B4688 /* CoffeeNavigationController.h */,
				5D62EF6319EB78AE007B4688 /* CoffeeNavigationController.m */,
				5D9FC98219EB34D0008A589D /* Models */,
				5D9FC98119EB34B5008A589D /* View Controllers */,
				5D9FC98019EB349C008A589D /* Views */,
				5D9FC98319EB3569008A589D /* Images */,
				5D4EBD6019E7148400B18677 /* Main.storyboard */,
				5D4EBD6319E7148400B18677 /* Images.xcassets */,
				5D4EBD6519E7148400B18677 /* LaunchScreen.xib */,
				5D4EBD5A19E7148400B18677 /* Coffee.xcdatamodeld */,
				5D4EBD5319E7148400B18677 /* Supporting Files */,
			);
			path = Coffee;
			sourceTree = "<group>";
		};
		5D4EBD5319E7148400B18677 /* Supporting Files */ = {
			isa = PBXGroup;
			children = (
				5D4EBD5419E7148400B18677 /* Info.plist */,
				5D4EBD5519E7148400B18677 /* main.m */,
			);
			name = "Supporting Files";
			sourceTree = "<group>";
		};
		5D4EBD6F19E7148400B18677 /* CoffeeTests */ = {
			isa = PBXGroup;
			children = (
				5D4EBD7219E7148400B18677 /* CoffeeTests.m */,
				5D4EBD7019E7148400B18677 /* Supporting Files */,
			);
			path = CoffeeTests;
			sourceTree = "<group>";
		};
		5D4EBD7019E7148400B18677 /* Supporting Files */ = {
			isa = PBXGroup;
			children = (
				5D4EBD7119E7148400B18677 /* Info.plist */,
			);
			name = "Supporting Files";
			sourceTree = "<group>";
		};
		5D9FC98019EB349C008A589D /* Views */ = {
			isa = PBXGroup;
			children = (
				5D0952D619E76FE800419D29 /* CoffeeListTableViewCell.h */,
				5D0952D719E76FE800419D29 /* CoffeeListTableViewCell.m */,
				5D9FC98419EB3D73008A589D /* CoffeeNavigationBar.h */,
				5D9FC98519EB3D73008A589D /* CoffeeNavigationBar.m */,
			);
			name = Views;
			sourceTree = "<group>";
		};
		5D9FC98119EB34B5008A589D /* View Controllers */ = {
			isa = PBXGroup;
			children = (
				5D4EBD5D19E7148400B18677 /* CoffeeListTableViewController.h */,
				5D4EBD5E19E7148400B18677 /* CoffeeListTableViewController.m */,
				5D0952D319E7576700419D29 /* CoffeeCardViewController.h */,
				5D0952D419E7576700419D29 /* CoffeeCardViewController.m */,
			);
			name = "View Controllers";
			sourceTree = "<group>";
		};
		5D9FC98219EB34D0008A589D /* Models */ = {
			isa = PBXGroup;
			children = (
				5DD019D219EB855F0080A9AB /* CoffeeCard.h */,
				5DD019D319EB855F0080A9AB /* CoffeeCard.m */,
				5D9BF0CE19E844D300D998AA /* CoffeeCard+Utility.h */,
				5D9BF0CF19E844D300D998AA /* CoffeeCard+Utility.m */,
			);
			name = Models;
			sourceTree = "<group>";
		};
		5D9FC98319EB3569008A589D /* Images */ = {
			isa = PBXGroup;
			children = (
				5D9FC97B19EB2F41008A589D /* WhiteDrip.png */,
				5DA24B3C19E79F540021CF00 /* CoffeeLogo.png */,
			);
			name = Images;
			sourceTree = "<group>";
		};
		BF0B06C7D774591CCC18C269 /* Pods */ = {
			isa = PBXGroup;
			children = (
				0AA67A7BCBB9B09121A7643F /* Pods.debug.xcconfig */,
				079E47238AFD924984ECFE51 /* Pods.release.xcconfig */,
			);
			name = Pods;
			sourceTree = "<group>";
		};
/* End PBXGroup section */

/* Begin PBXNativeTarget section */
		5D4EBD4F19E7148400B18677 /* Coffee */ = {
			isa = PBXNativeTarget;
			buildConfigurationList = 5D4EBD7619E7148400B18677 /* Build configuration list for PBXNativeTarget "Coffee" */;
			buildPhases = (
				30E2F3E4F32183ADE95C5312 /* Check Pods Manifest.lock */,
				5D4EBD4C19E7148400B18677 /* Sources */,
				5D4EBD4D19E7148400B18677 /* Frameworks */,
				5D4EBD4E19E7148400B18677 /* Resources */,
				71959D19B4DF3A1A6DF80CA3 /* Copy Pods Resources */,
			);
			buildRules = (
			);
			dependencies = (
			);
			name = Coffee;
			productName = Coffee;
			productReference = 5D4EBD5019E7148400B18677 /* Coffee.app */;
			productType = "com.apple.product-type.application";
		};
		5D4EBD6B19E7148400B18677 /* CoffeeTests */ = {
			isa = PBXNativeTarget;
			buildConfigurationList = 5D4EBD7919E7148400B18677 /* Build configuration list for PBXNativeTarget "CoffeeTests" */;
			buildPhases = (
				4028749CF5A26B15CE42BBFB /* Check Pods Manifest.lock */,
				5D4EBD6819E7148400B18677 /* Sources */,
				5D4EBD6919E7148400B18677 /* Frameworks */,
				5D4EBD6A19E7148400B18677 /* Resources */,
				5FBAFA3FAEBEA59487FC9CA6 /* Copy Pods Resources */,
			);
			buildRules = (
			);
			dependencies = (
				5D4EBD6E19E7148400B18677 /* PBXTargetDependency */,
			);
			name = CoffeeTests;
			productName = CoffeeTests;
			productReference = 5D4EBD6C19E7148400B18677 /* CoffeeTests.xctest */;
			productType = "com.apple.product-type.bundle.unit-test";
		};
/* End PBXNativeTarget section */

/* Begin PBXProject section */
		5D4EBD4819E7148400B18677 /* Project object */ = {
			isa = PBXProject;
			attributes = {
				LastUpgradeCheck = 0600;
				ORGANIZATIONNAME = "Robert Blafford";
				TargetAttributes = {
					5D4EBD4F19E7148400B18677 = {
						CreatedOnToolsVersion = 6.0.1;
						DevelopmentTeam = 9336WA96Z9;
					};
					5D4EBD6B19E7148400B18677 = {
						CreatedOnToolsVersion = 6.0.1;
						TestTargetID = 5D4EBD4F19E7148400B18677;
					};
				};
			};
			buildConfigurationList = 5D4EBD4B19E7148400B18677 /* Build configuration list for PBXProject "Coffee" */;
			compatibilityVersion = "Xcode 3.2";
			developmentRegion = English;
			hasScannedForEncodings = 0;
			knownRegions = (
				en,
				Base,
			);
			mainGroup = 5D4EBD4719E7148300B18677;
			productRefGroup = 5D4EBD5119E7148400B18677 /* Products */;
			projectDirPath = "";
			projectRoot = "";
			targets = (
				5D4EBD4F19E7148400B18677 /* Coffee */,
				5D4EBD6B19E7148400B18677 /* CoffeeTests */,
			);
		};
/* End PBXProject section */

/* Begin PBXResourcesBuildPhase section */
		5D4EBD4E19E7148400B18677 /* Resources */ = {
			isa = PBXResourcesBuildPhase;
			buildActionMask = 2147483647;
			files = (
				5DA24B3D19E79F540021CF00 /* CoffeeLogo.png in Resources */,
				5D4EBD6219E7148400B18677 /* Main.storyboard in Resources */,
				5D4EBD6719E7148400B18677 /* LaunchScreen.xib in Resources */,
				5D9FC97C19EB2F41008A589D /* WhiteDrip.png in Resources */,
				5D4EBD6419E7148400B18677 /* Images.xcassets in Resources */,
			);
			runOnlyForDeploymentPostprocessing = 0;
		};
		5D4EBD6A19E7148400B18677 /* Resources */ = {
			isa = PBXResourcesBuildPhase;
			buildActionMask = 2147483647;
			files = (
			);
			runOnlyForDeploymentPostprocessing = 0;
		};
/* End PBXResourcesBuildPhase section */

/* Begin PBXShellScriptBuildPhase section */
		30E2F3E4F32183ADE95C5312 /* Check Pods Manifest.lock */ = {
			isa = PBXShellScriptBuildPhase;
			buildActionMask = 2147483647;
			files = (
			);
			inputPaths = (
			);
			name = "Check Pods Manifest.lock";
			outputPaths = (
			);
			runOnlyForDeploymentPostprocessing = 0;
			shellPath = /bin/sh;
			shellScript = "diff \"${PODS_ROOT}/../Podfile.lock\" \"${PODS_ROOT}/Manifest.lock\" > /dev/null\nif [[ $? != 0 ]] ; then\n    cat << EOM\nerror: The sandbox is not in sync with the Podfile.lock. Run 'pod install' or update your CocoaPods installation.\nEOM\n    exit 1\nfi\n";
			showEnvVarsInLog = 0;
		};
		4028749CF5A26B15CE42BBFB /* Check Pods Manifest.lock */ = {
			isa = PBXShellScriptBuildPhase;
			buildActionMask = 2147483647;
			files = (
			);
			inputPaths = (
			);
			name = "Check Pods Manifest.lock";
			outputPaths = (
			);
			runOnlyForDeploymentPostprocessing = 0;
			shellPath = /bin/sh;
			shellScript = "diff \"${PODS_ROOT}/../Podfile.lock\" \"${PODS_ROOT}/Manifest.lock\" > /dev/null\nif [[ $? != 0 ]] ; then\n    cat << EOM\nerror: The sandbox is not in sync with the Podfile.lock. Run 'pod install' or update your CocoaPods installation.\nEOM\n    exit 1\nfi\n";
			showEnvVarsInLog = 0;
		};
		5FBAFA3FAEBEA59487FC9CA6 /* Copy Pods Resources */ = {
			isa = PBXShellScriptBuildPhase;
			buildActionMask = 2147483647;
			files = (
			);
			inputPaths = (
			);
			name = "Copy Pods Resources";
			outputPaths = (
			);
			runOnlyForDeploymentPostprocessing = 0;
			shellPath = /bin/sh;
			shellScript = "\"${SRCROOT}/Pods/Target Support Files/Pods/Pods-resources.sh\"\n";
			showEnvVarsInLog = 0;
		};
		71959D19B4DF3A1A6DF80CA3 /* Copy Pods Resources */ = {
			isa = PBXShellScriptBuildPhase;
			buildActionMask = 2147483647;
			files = (
			);
			inputPaths = (
			);
			name = "Copy Pods Resources";
			outputPaths = (
			);
			runOnlyForDeploymentPostprocessing = 0;
			shellPath = /bin/sh;
			shellScript = "\"${SRCROOT}/Pods/Target Support Files/Pods/Pods-resources.sh\"\n";
			showEnvVarsInLog = 0;
		};
/* End PBXShellScriptBuildPhase section */

/* Begin PBXSourcesBuildPhase section */
		5D4EBD4C19E7148400B18677 /* Sources */ = {
			isa = PBXSourcesBuildPhase;
			buildActionMask = 2147483647;
			files = (
				5D9BF0D019E844D300D998AA /* CoffeeCard+Utility.m in Sources */,
				5D0952D819E76FE800419D29 /* CoffeeListTableViewCell.m in Sources */,
				5DD019D419EB855F0080A9AB /* CoffeeCard.m in Sources */,
				5D0952D519E7576700419D29 /* CoffeeCardViewController.m in Sources */,
				5D4EBD5919E7148400B18677 /* AppDelegate.m in Sources */,
				5D62EF6419EB78AE007B4688 /* CoffeeNavigationController.m in Sources */,
				5D4EBD5C19E7148400B18677 /* Coffee.xcdatamodeld in Sources */,
				5D4EBD5F19E7148400B18677 /* CoffeeListTableViewController.m in Sources */,
				5D4EBD5619E7148400B18677 /* main.m in Sources */,
				5D9FC98619EB3D73008A589D /* CoffeeNavigationBar.m in Sources */,
			);
			runOnlyForDeploymentPostprocessing = 0;
		};
		5D4EBD6819E7148400B18677 /* Sources */ = {
			isa = PBXSourcesBuildPhase;
			buildActionMask = 2147483647;
			files = (
				5D4EBD7319E7148400B18677 /* CoffeeTests.m in Sources */,
			);
			runOnlyForDeploymentPostprocessing = 0;
		};
/* End PBXSourcesBuildPhase section */

/* Begin PBXTargetDependency section */
		5D4EBD6E19E7148400B18677 /* PBXTargetDependency */ = {
			isa = PBXTargetDependency;
			target = 5D4EBD4F19E7148400B18677 /* Coffee */;
			targetProxy = 5D4EBD6D19E7148400B18677 /* PBXContainerItemProxy */;
		};
/* End PBXTargetDependency section */

/* Begin PBXVariantGroup section */
		5D4EBD6019E7148400B18677 /* Main.storyboard */ = {
			isa = PBXVariantGroup;
			children = (
				5D4EBD6119E7148400B18677 /* Base */,
			);
			name = Main.storyboard;
			sourceTree = "<group>";
		};
		5D4EBD6519E7148400B18677 /* LaunchScreen.xib */ = {
			isa = PBXVariantGroup;
			children = (
				5D4EBD6619E7148400B18677 /* Base */,
			);
			name = LaunchScreen.xib;
			sourceTree = "<group>";
		};
/* End PBXVariantGroup section */

/* Begin XCBuildConfiguration section */
		5D4EBD7419E7148400B18677 /* Debug */ = {
			isa = XCBuildConfiguration;
			buildSettings = {
				ALWAYS_SEARCH_USER_PATHS = NO;
				CLANG_CXX_LANGUAGE_STANDARD = "gnu++0x";
				CLANG_CXX_LIBRARY = "libc++";
				CLANG_ENABLE_MODULES = YES;
				CLANG_ENABLE_OBJC_ARC = YES;
				CLANG_WARN_BOOL_CONVERSION = YES;
				CLANG_WARN_CONSTANT_CONVERSION = YES;
				CLANG_WARN_DIRECT_OBJC_ISA_USAGE = YES_ERROR;
				CLANG_WARN_EMPTY_BODY = YES;
				CLANG_WARN_ENUM_CONVERSION = YES;
				CLANG_WARN_INT_CONVERSION = YES;
				CLANG_WARN_OBJC_ROOT_CLASS = YES_ERROR;
				CLANG_WARN_UNREACHABLE_CODE = YES;
				CLANG_WARN__DUPLICATE_METHOD_MATCH = YES;
				"CODE_SIGN_IDENTITY[sdk=iphoneos*]" = "iPhone Developer";
				COPY_PHASE_STRIP = NO;
				ENABLE_STRICT_OBJC_MSGSEND = YES;
				GCC_C_LANGUAGE_STANDARD = gnu99;
				GCC_DYNAMIC_NO_PIC = NO;
				GCC_OPTIMIZATION_LEVEL = 0;
				GCC_PREPROCESSOR_DEFINITIONS = (
					"DEBUG=1",
					"$(inherited)",
				);
				GCC_SYMBOLS_PRIVATE_EXTERN = NO;
				GCC_WARN_64_TO_32_BIT_CONVERSION = YES;
				GCC_WARN_ABOUT_RETURN_TYPE = YES_ERROR;
				GCC_WARN_UNDECLARED_SELECTOR = YES;
				GCC_WARN_UNINITIALIZED_AUTOS = YES_AGGRESSIVE;
				GCC_WARN_UNUSED_FUNCTION = YES;
				GCC_WARN_UNUSED_VARIABLE = YES;
				IPHONEOS_DEPLOYMENT_TARGET = 6.1;
				MTL_ENABLE_DEBUG_INFO = YES;
				ONLY_ACTIVE_ARCH = YES;
				SDKROOT = iphoneos;
			};
			name = Debug;
		};
		5D4EBD7519E7148400B18677 /* Release */ = {
			isa = XCBuildConfiguration;
			buildSettings = {
				ALWAYS_SEARCH_USER_PATHS = NO;
				CLANG_CXX_LANGUAGE_STANDARD = "gnu++0x";
				CLANG_CXX_LIBRARY = "libc++";
				CLANG_ENABLE_MODULES = YES;
				CLANG_ENABLE_OBJC_ARC = YES;
				CLANG_WARN_BOOL_CONVERSION = YES;
				CLANG_WARN_CONSTANT_CONVERSION = YES;
				CLANG_WARN_DIRECT_OBJC_ISA_USAGE = YES_ERROR;
				CLANG_WARN_EMPTY_BODY = YES;
				CLANG_WARN_ENUM_CONVERSION = YES;
				CLANG_WARN_INT_CONVERSION = YES;
				CLANG_WARN_OBJC_ROOT_CLASS = YES_ERROR;
				CLANG_WARN_UNREACHABLE_CODE = YES;
				CLANG_WARN__DUPLICATE_METHOD_MATCH = YES;
				"CODE_SIGN_IDENTITY[sdk=iphoneos*]" = "iPhone Developer";
				COPY_PHASE_STRIP = YES;
				ENABLE_NS_ASSERTIONS = NO;
				ENABLE_STRICT_OBJC_MSGSEND = YES;
				GCC_C_LANGUAGE_STANDARD = gnu99;
				GCC_WARN_64_TO_32_BIT_CONVERSION = YES;
				GCC_WARN_ABOUT_RETURN_TYPE = YES_ERROR;
				GCC_WARN_UNDECLARED_SELECTOR = YES;
				GCC_WARN_UNINITIALIZED_AUTOS = YES_AGGRESSIVE;
				GCC_WARN_UNUSED_FUNCTION = YES;
				GCC_WARN_UNUSED_VARIABLE = YES;
				IPHONEOS_DEPLOYMENT_TARGET = 6.1;
				MTL_ENABLE_DEBUG_INFO = NO;
				SDKROOT = iphoneos;
				VALIDATE_PRODUCT = YES;
			};
			name = Release;
		};
		5D4EBD7719E7148400B18677 /* Debug */ = {
			isa = XCBuildConfiguration;
			baseConfigurationReference = 0AA67A7BCBB9B09121A7643F /* Pods.debug.xcconfig */;
			buildSettings = {
				ASSETCATALOG_COMPILER_APPICON_NAME = AppIcon;
				INFOPLIST_FILE = Coffee/Info.plist;
				IPHONEOS_DEPLOYMENT_TARGET = 6.1;
				LD_RUNPATH_SEARCH_PATHS = "$(inherited) @executable_path/Frameworks";
				PRODUCT_NAME = "$(TARGET_NAME)";
				TARGETED_DEVICE_FAMILY = 1;
			};
			name = Debug;
		};
		5D4EBD7819E7148400B18677 /* Release */ = {
			isa = XCBuildConfiguration;
			baseConfigurationReference = 079E47238AFD924984ECFE51 /* Pods.release.xcconfig */;
			buildSettings = {
				ASSETCATALOG_COMPILER_APPICON_NAME = AppIcon;
				INFOPLIST_FILE = Coffee/Info.plist;
				IPHONEOS_DEPLOYMENT_TARGET = 6.1;
				LD_RUNPATH_SEARCH_PATHS = "$(inherited) @executable_path/Frameworks";
				PRODUCT_NAME = "$(TARGET_NAME)";
				TARGETED_DEVICE_FAMILY = 1;
			};
			name = Release;
		};
		5D4EBD7A19E7148400B18677 /* Debug */ = {
			isa = XCBuildConfiguration;
			baseConfigurationReference = 0AA67A7BCBB9B09121A7643F /* Pods.debug.xcconfig */;
			buildSettings = {
				BUNDLE_LOADER = "$(TEST_HOST)";
				FRAMEWORK_SEARCH_PATHS = (
					"$(SDKROOT)/Developer/Library/Frameworks",
					"$(inherited)",
				);
				GCC_PREPROCESSOR_DEFINITIONS = (
					"DEBUG=1",
					"$(inherited)",
				);
				INFOPLIST_FILE = CoffeeTests/Info.plist;
				LD_RUNPATH_SEARCH_PATHS = "$(inherited) @executable_path/Frameworks @loader_path/Frameworks";
				PRODUCT_NAME = "$(TARGET_NAME)";
				TEST_HOST = "$(BUILT_PRODUCTS_DIR)/Coffee.app/Coffee";
			};
			name = Debug;
		};
		5D4EBD7B19E7148400B18677 /* Release */ = {
			isa = XCBuildConfiguration;
			baseConfigurationReference = 079E47238AFD924984ECFE51 /* Pods.release.xcconfig */;
			buildSettings = {
				BUNDLE_LOADER = "$(TEST_HOST)";
				FRAMEWORK_SEARCH_PATHS = (
					"$(SDKROOT)/Developer/Library/Frameworks",
					"$(inherited)",
				);
				INFOPLIST_FILE = CoffeeTests/Info.plist;
				LD_RUNPATH_SEARCH_PATHS = "$(inherited) @executable_path/Frameworks @loader_path/Frameworks";
				PRODUCT_NAME = "$(TARGET_NAME)";
				TEST_HOST = "$(BUILT_PRODUCTS_DIR)/Coffee.app/Coffee";
			};
			name = Release;
		};
/* End XCBuildConfiguration section */

/* Begin XCConfigurationList section */
		5D4EBD4B19E7148400B18677 /* Build configuration list for PBXProject "Coffee" */ = {
			isa = XCConfigurationList;
			buildConfigurations = (
				5D4EBD7419E7148400B18677 /* Debug */,
				5D4EBD7519E7148400B18677 /* Release */,
			);
			defaultConfigurationIsVisible = 0;
			defaultConfigurationName = Release;
		};
		5D4EBD7619E7148400B18677 /* Build configuration list for PBXNativeTarget "Coffee" */ = {
			isa = XCConfigurationList;
			buildConfigurations = (
				5D4EBD7719E7148400B18677 /* Debug */,
				5D4EBD7819E7148400B18677 /* Release */,
			);
			defaultConfigurationIsVisible = 0;
			defaultConfigurationName = Release;
		};
		5D4EBD7919E7148400B18677 /* Build configuration list for PBXNativeTarget "CoffeeTests" */ = {
			isa = XCConfigurationList;
			buildConfigurations = (
				5D4EBD7A19E7148400B18677 /* Debug */,
				5D4EBD7B19E7148400B18677 /* Release */,
			);
			defaultConfigurationIsVisible = 0;
			defaultConfigurationName = Release;
		};
/* End XCConfigurationList section */

/* Begin XCVersionGroup section */
		5D4EBD5A19E7148400B18677 /* Coffee.xcdatamodeld */ = {
			isa = XCVersionGroup;
			children = (
				5D4EBD5B19E7148400B18677 /* Coffee.xcdatamodel */,
			);
			currentVersion = 5D4EBD5B19E7148400B18677 /* Coffee.xcdatamodel */;
			path = Coffee.xcdatamodeld;
			sourceTree = "<group>";
			versionGroupType = wrapper.xcdatamodel;
		};
/* End XCVersionGroup section */
	};
	rootObject = 5D4EBD4819E7148400B18677 /* Project object */;
}
